// !$*UTF8*$!
{
	archiveVersion = 1;
	classes = {
	};
	objectVersion = 55;
	objects = {

/* Begin PBXBuildFile section */
		ADAE7BF22887D2AD00F4CF03 /* AppDelegate.swift in Sources */ = {isa = PBXBuildFile; fileRef = ADAE7BF12887D2AD00F4CF03 /* AppDelegate.swift */; };
		ADAE7BF42887D2AD00F4CF03 /* SceneDelegate.swift in Sources */ = {isa = PBXBuildFile; fileRef = ADAE7BF32887D2AD00F4CF03 /* SceneDelegate.swift */; };
		ADAE7BF92887D2AD00F4CF03 /* Main.storyboard in Resources */ = {isa = PBXBuildFile; fileRef = ADAE7BF72887D2AD00F4CF03 /* Main.storyboard */; };
		ADAE7BFB2887D2AF00F4CF03 /* Assets.xcassets in Resources */ = {isa = PBXBuildFile; fileRef = ADAE7BFA2887D2AF00F4CF03 /* Assets.xcassets */; };
		ADAE7BFE2887D2AF00F4CF03 /* LaunchScreen.storyboard in Resources */ = {isa = PBXBuildFile; fileRef = ADAE7BFC2887D2AF00F4CF03 /* LaunchScreen.storyboard */; };
		ADAE7C062887D4B500F4CF03 /* MobileLibraryCollectionViewController.swift in Sources */ = {isa = PBXBuildFile; fileRef = ADAE7C052887D4B500F4CF03 /* MobileLibraryCollectionViewController.swift */; };
		ADAE7C082887D4CD00F4CF03 /* MobileLibraryCollectionViewCell.swift in Sources */ = {isa = PBXBuildFile; fileRef = ADAE7C072887D4CD00F4CF03 /* MobileLibraryCollectionViewCell.swift */; };
		ADAE7C0A2887D4F600F4CF03 /* BookData.swift in Sources */ = {isa = PBXBuildFile; fileRef = ADAE7C092887D4F600F4CF03 /* BookData.swift */; };
		ADAE7C0C2887DB2F00F4CF03 /* Extensions.swift in Sources */ = {isa = PBXBuildFile; fileRef = ADAE7C0B2887DB2F00F4CF03 /* Extensions.swift */; };
/* End PBXBuildFile section */

/* Begin PBXFileReference section */
		ADAE7BEE2887D2AD00F4CF03 /* MobileLibrary.app */ = {isa = PBXFileReference; explicitFileType = wrapper.application; includeInIndex = 0; path = MobileLibrary.app; sourceTree = BUILT_PRODUCTS_DIR; };
		ADAE7BF12887D2AD00F4CF03 /* AppDelegate.swift */ = {isa = PBXFileReference; lastKnownFileType = sourcecode.swift; path = AppDelegate.swift; sourceTree = "<group>"; };
		ADAE7BF32887D2AD00F4CF03 /* SceneDelegate.swift */ = {isa = PBXFileReference; lastKnownFileType = sourcecode.swift; path = SceneDelegate.swift; sourceTree = "<group>"; };
		ADAE7BF82887D2AD00F4CF03 /* Base */ = {isa = PBXFileReference; lastKnownFileType = file.storyboard; name = Base; path = Base.lproj/Main.storyboard; sourceTree = "<group>"; };
		ADAE7BFA2887D2AF00F4CF03 /* Assets.xcassets */ = {isa = PBXFileReference; lastKnownFileType = folder.assetcatalog; path = Assets.xcassets; sourceTree = "<group>"; };
		ADAE7BFD2887D2AF00F4CF03 /* Base */ = {isa = PBXFileReference; lastKnownFileType = file.storyboard; name = Base; path = Base.lproj/LaunchScreen.storyboard; sourceTree = "<group>"; };
		ADAE7BFF2887D2AF00F4CF03 /* Info.plist */ = {isa = PBXFileReference; lastKnownFileType = text.plist.xml; path = Info.plist; sourceTree = "<group>"; };
		ADAE7C052887D4B500F4CF03 /* MobileLibraryCollectionViewController.swift */ = {isa = PBXFileReference; lastKnownFileType = sourcecode.swift; path = MobileLibraryCollectionViewController.swift; sourceTree = "<group>"; };
		ADAE7C072887D4CD00F4CF03 /* MobileLibraryCollectionViewCell.swift */ = {isa = PBXFileReference; lastKnownFileType = sourcecode.swift; path = MobileLibraryCollectionViewCell.swift; sourceTree = "<group>"; };
		ADAE7C092887D4F600F4CF03 /* BookData.swift */ = {isa = PBXFileReference; lastKnownFileType = sourcecode.swift; path = BookData.swift; sourceTree = "<group>"; };
		ADAE7C0B2887DB2F00F4CF03 /* Extensions.swift */ = {isa = PBXFileReference; lastKnownFileType = sourcecode.swift; path = Extensions.swift; sourceTree = "<group>"; };
/* End PBXFileReference section */

/* Begin PBXFrameworksBuildPhase section */
		ADAE7BEB2887D2AD00F4CF03 /* Frameworks */ = {
			isa = PBXFrameworksBuildPhase;
			buildActionMask = 2147483647;
			files = (
			);
			runOnlyForDeploymentPostprocessing = 0;
		};
/* End PBXFrameworksBuildPhase section */

/* Begin PBXGroup section */
		ADAE7BE52887D2AD00F4CF03 = {
			isa = PBXGroup;
			children = (
				ADAE7BF02887D2AD00F4CF03 /* MobileLibrary */,
				ADAE7BEF2887D2AD00F4CF03 /* Products */,
			);
			sourceTree = "<group>";
		};
		ADAE7BEF2887D2AD00F4CF03 /* Products */ = {
			isa = PBXGroup;
			children = (
				ADAE7BEE2887D2AD00F4CF03 /* MobileLibrary.app */,
			);
			name = Products;
			sourceTree = "<group>";
		};
		ADAE7BF02887D2AD00F4CF03 /* MobileLibrary */ = {
			isa = PBXGroup;
			children = (
				ADAE7BF12887D2AD00F4CF03 /* AppDelegate.swift */,
				ADAE7BF32887D2AD00F4CF03 /* SceneDelegate.swift */,
				ADAE7C0B2887DB2F00F4CF03 /* Extensions.swift */,
				ADAE7C092887D4F600F4CF03 /* BookData.swift */,
				ADAE7BF72887D2AD00F4CF03 /* Main.storyboard */,
				ADAE7C052887D4B500F4CF03 /* MobileLibraryCollectionViewController.swift */,
				ADAE7C072887D4CD00F4CF03 /* MobileLibraryCollectionViewCell.swift */,
				ADAE7BFA2887D2AF00F4CF03 /* Assets.xcassets */,
				ADAE7BFC2887D2AF00F4CF03 /* LaunchScreen.storyboard */,
				ADAE7BFF2887D2AF00F4CF03 /* Info.plist */,
			);
			path = MobileLibrary;
			sourceTree = "<group>";
		};
/* End PBXGroup section */

/* Begin PBXNativeTarget section */
		ADAE7BED2887D2AD00F4CF03 /* MobileLibrary */ = {
			isa = PBXNativeTarget;
			buildConfigurationList = ADAE7C022887D2AF00F4CF03 /* Build configuration list for PBXNativeTarget "MobileLibrary" */;
			buildPhases = (
				ADAE7BEA2887D2AD00F4CF03 /* Sources */,
				ADAE7BEB2887D2AD00F4CF03 /* Frameworks */,
				ADAE7BEC2887D2AD00F4CF03 /* Resources */,
			);
			buildRules = (
			);
			dependencies = (
			);
			name = MobileLibrary;
			productName = MobileLibrary;
			productReference = ADAE7BEE2887D2AD00F4CF03 /* MobileLibrary.app */;
			productType = "com.apple.product-type.application";
		};
/* End PBXNativeTarget section */

/* Begin PBXProject section */
		ADAE7BE62887D2AD00F4CF03 /* Project object */ = {
			isa = PBXProject;
			attributes = {
				BuildIndependentTargetsInParallel = 1;
				LastSwiftUpdateCheck = 1340;
				LastUpgradeCheck = 1340;
				TargetAttributes = {
					ADAE7BED2887D2AD00F4CF03 = {
						CreatedOnToolsVersion = 13.4.1;
					};
				};
			};
			buildConfigurationList = ADAE7BE92887D2AD00F4CF03 /* Build configuration list for PBXProject "MobileLibrary" */;
			compatibilityVersion = "Xcode 13.0";
			developmentRegion = en;
			hasScannedForEncodings = 0;
			knownRegions = (
				en,
				Base,
			);
			mainGroup = ADAE7BE52887D2AD00F4CF03;
			productRefGroup = ADAE7BEF2887D2AD00F4CF03 /* Products */;
			projectDirPath = "";
			projectRoot = "";
			targets = (
				ADAE7BED2887D2AD00F4CF03 /* MobileLibrary */,
			);
		};
/* End PBXProject section */

/* Begin PBXResourcesBuildPhase section */
		ADAE7BEC2887D2AD00F4CF03 /* Resources */ = {
			isa = PBXResourcesBuildPhase;
			buildActionMask = 2147483647;
			files = (
				ADAE7BFE2887D2AF00F4CF03 /* LaunchScreen.storyboard in Resources */,
				ADAE7BFB2887D2AF00F4CF03 /* Assets.xcassets in Resources */,
				ADAE7BF92887D2AD00F4CF03 /* Main.storyboard in Resources */,
			);
			runOnlyForDeploymentPostprocessing = 0;
		};
/* End PBXResourcesBuildPhase section */

/* Begin PBXSourcesBuildPhase section */
		ADAE7BEA2887D2AD00F4CF03 /* Sources */ = {
			isa = PBXSourcesBuildPhase;
			buildActionMask = 2147483647;
			files = (
				ADAE7C082887D4CD00F4CF03 /* MobileLibraryCollectionViewCell.swift in Sources */,
				ADAE7C0A2887D4F600F4CF03 /* BookData.swift in Sources */,
				ADAE7BF22887D2AD00F4CF03 /* AppDelegate.swift in Sources */,
				ADAE7C062887D4B500F4CF03 /* MobileLibraryCollectionViewController.swift in Sources */,
				ADAE7BF42887D2AD00F4CF03 /* SceneDelegate.swift in Sources */,
				ADAE7C0C2887DB2F00F4CF03 /* Extensions.swift in Sources */,
			);
			runOnlyForDeploymentPostprocessing = 0;
		};
/* End PBXSourcesBuildPhase section */

/* Begin PBXVariantGroup section */
		ADAE7BF72887D2AD00F4CF03 /* Main.storyboard */ = {
			isa = PBXVariantGroup;
			children = (
				ADAE7BF82887D2AD00F4CF03 /* Base */,
			);
			name = Main.storyboard;
			sourceTree = "<group>";
		};
		ADAE7BFC2887D2AF00F4CF03 /* LaunchScreen.storyboard */ = {
			isa = PBXVariantGroup;
			children = (
				ADAE7BFD2887D2AF00F4CF03 /* Base */,
			);
			name = LaunchScreen.storyboard;
			sourceTree = "<group>";
		};
/* End PBXVariantGroup section */

/* Begin XCBuildConfiguration section */
		ADAE7C002887D2AF00F4CF03 /* Debug */ = {
			isa = XCBuildConfiguration;
			buildSettings = {
				ALWAYS_SEARCH_USER_PATHS = NO;
				CLANG_ANALYZER_NONNULL = YES;
				CLANG_ANALYZER_NUMBER_OBJECT_CONVERSION = YES_AGGRESSIVE;
				CLANG_CXX_LANGUAGE_STANDARD = "gnu++17";
				CLANG_ENABLE_MODULES = YES;
				CLANG_ENABLE_OBJC_ARC = YES;
				CLANG_ENABLE_OBJC_WEAK = YES;
				CLANG_WARN_BLOCK_CAPTURE_AUTORELEASING = YES;
				CLANG_WARN_BOOL_CONVERSION = YES;
				CLANG_WARN_COMMA = YES;
				CLANG_WARN_CONSTANT_CONVERSION = YES;
				CLANG_WARN_DEPRECATED_OBJC_IMPLEMENTATIONS = YES;
				CLANG_WARN_DIRECT_OBJC_ISA_USAGE = YES_ERROR;
				CLANG_WARN_DOCUMENTATION_COMMENTS = YES;
				CLANG_WARN_EMPTY_BODY = YES;
				CLANG_WARN_ENUM_CONVERSION = YES;
				CLANG_WARN_INFINITE_RECURSION = YES;
				CLANG_WARN_INT_CONVERSION = YES;
				CLANG_WARN_NON_LITERAL_NULL_CONVERSION = YES;
				CLANG_WARN_OBJC_IMPLICIT_RETAIN_SELF = YES;
				CLANG_WARN_OBJC_LITERAL_CONVERSION = YES;
				CLANG_WARN_OBJC_ROOT_CLASS = YES_ERROR;
				CLANG_WARN_QUOTED_INCLUDE_IN_FRAMEWORK_HEADER = YES;
				CLANG_WARN_RANGE_LOOP_ANALYSIS = YES;
				CLANG_WARN_STRICT_PROTOTYPES = YES;
				CLANG_WARN_SUSPICIOUS_MOVE = YES;
				CLANG_WARN_UNGUARDED_AVAILABILITY = YES_AGGRESSIVE;
				CLANG_WARN_UNREACHABLE_CODE = YES;
				CLANG_WARN__DUPLICATE_METHOD_MATCH = YES;
				COPY_PHASE_STRIP = NO;
				DEBUG_INFORMATION_FORMAT = dwarf;
				ENABLE_STRICT_OBJC_MSGSEND = YES;
				ENABLE_TESTABILITY = YES;
				GCC_C_LANGUAGE_STANDARD = gnu11;
				GCC_DYNAMIC_NO_PIC = NO;
				GCC_NO_COMMON_BLOCKS = YES;
				GCC_OPTIMIZATION_LEVEL = 0;
				GCC_PREPROCESSOR_DEFINITIONS = (
					"DEBUG=1",
					"$(inherited)",
				);
				GCC_WARN_64_TO_32_BIT_CONVERSION = YES;
				GCC_WARN_ABOUT_RETURN_TYPE = YES_ERROR;
				GCC_WARN_UNDECLARED_SELECTOR = YES;
				GCC_WARN_UNINITIALIZED_AUTOS = YES_AGGRESSIVE;
				GCC_WARN_UNUSED_FUNCTION = YES;
				GCC_WARN_UNUSED_VARIABLE = YES;
				IPHONEOS_DEPLOYMENT_TARGET = 15.5;
				MTL_ENABLE_DEBUG_INFO = INCLUDE_SOURCE;
				MTL_FAST_MATH = YES;
				ONLY_ACTIVE_ARCH = YES;
				SDKROOT = iphoneos;
				SWIFT_ACTIVE_COMPILATION_CONDITIONS = DEBUG;
				SWIFT_OPTIMIZATION_LEVEL = "-Onone";
			};
			name = Debug;
		};
		ADAE7C012887D2AF00F4CF03 /* Release */ = {
			isa = XCBuildConfiguration;
			buildSettings = {
				ALWAYS_SEARCH_USER_PATHS = NO;
				CLANG_ANALYZER_NONNULL = YES;
				CLANG_ANALYZER_NUMBER_OBJECT_CONVERSION = YES_AGGRESSIVE;
				CLANG_CXX_LANGUAGE_STANDARD = "gnu++17";
				CLANG_ENABLE_MODULES = YES;
				CLANG_ENABLE_OBJC_ARC = YES;
				CLANG_ENABLE_OBJC_WEAK = YES;
				CLANG_WARN_BLOCK_CAPTURE_AUTORELEASING = YES;
				CLANG_WARN_BOOL_CONVERSION = YES;
				CLANG_WARN_COMMA = YES;
				CLANG_WARN_CONSTANT_CONVERSION = YES;
				CLANG_WARN_DEPRECATED_OBJC_IMPLEMENTATIONS = YES;
				CLANG_WARN_DIRECT_OBJC_ISA_USAGE = YES_ERROR;
				CLANG_WARN_DOCUMENTATION_COMMENTS = YES;
				CLANG_WARN_EMPTY_BODY = YES;
				CLANG_WARN_ENUM_CONVERSION = YES;
				CLANG_WARN_INFINITE_RECURSION = YES;
				CLANG_WARN_INT_CONVERSION = YES;
				CLANG_WARN_NON_LITERAL_NULL_CONVERSION = YES;
				CLANG_WARN_OBJC_IMPLICIT_RETAIN_SELF = YES;
				CLANG_WARN_OBJC_LITERAL_CONVERSION = YES;
				CLANG_WARN_OBJC_ROOT_CLASS = YES_ERROR;
				CLANG_WARN_QUOTED_INCLUDE_IN_FRAMEWORK_HEADER = YES;
				CLANG_WARN_RANGE_LOOP_ANALYSIS = YES;
				CLANG_WARN_STRICT_PROTOTYPES = YES;
				CLANG_WARN_SUSPICIOUS_MOVE = YES;
				CLANG_WARN_UNGUARDED_AVAILABILITY = YES_AGGRESSIVE;
				CLANG_WARN_UNREACHABLE_CODE = YES;
				CLANG_WARN__DUPLICATE_METHOD_MATCH = YES;
				COPY_PHASE_STRIP = NO;
				DEBUG_INFORMATION_FORMAT = "dwarf-with-dsym";
				ENABLE_NS_ASSERTIONS = NO;
				ENABLE_STRICT_OBJC_MSGSEND = YES;
				GCC_C_LANGUAGE_STANDARD = gnu11;
				GCC_NO_COMMON_BLOCKS = YES;
				GCC_WARN_64_TO_32_BIT_CONVERSION = YES;
				GCC_WARN_ABOUT_RETURN_TYPE = YES_ERROR;
				GCC_WARN_UNDECLARED_SELECTOR = YES;
				GCC_WARN_UNINITIALIZED_AUTOS = YES_AGGRESSIVE;
				GCC_WARN_UNUSED_FUNCTION = YES;
				GCC_WARN_UNUSED_VARIABLE = YES;
				IPHONEOS_DEPLOYMENT_TARGET = 15.5;
				MTL_ENABLE_DEBUG_INFO = NO;
				MTL_FAST_MATH = YES;
				SDKROOT = iphoneos;
				SWIFT_COMPILATION_MODE = wholemodule;
				SWIFT_OPTIMIZATION_LEVEL = "-O";
				VALIDATE_PRODUCT = YES;
			};
			name = Release;
		};
		ADAE7C032887D2AF00F4CF03 /* Debug */ = {
			isa = XCBuildConfiguration;
			buildSettings = {
				ASSETCATALOG_COMPILER_APPICON_NAME = AppIcon;
				ASSETCATALOG_COMPILER_GLOBAL_ACCENT_COLOR_NAME = AccentColor;
				CODE_SIGN_STYLE = Automatic;
				CURRENT_PROJECT_VERSION = 1;
				DEVELOPMENT_TEAM = DLA597KS3F;
				GENERATE_INFOPLIST_FILE = YES;
				INFOPLIST_FILE = MobileLibrary/Info.plist;
				INFOPLIST_KEY_UIApplicationSupportsIndirectInputEvents = YES;
				INFOPLIST_KEY_UILaunchStoryboardName = LaunchScreen;
				INFOPLIST_KEY_UIMainStoryboardFile = Main;
				INFOPLIST_KEY_UISupportedInterfaceOrientations = UIInterfaceOrientationPortrait;
				INFOPLIST_KEY_UISupportedInterfaceOrientations_iPad = "UIInterfaceOrientationPortrait UIInterfaceOrientationPortraitUpsideDown UIInterfaceOrientationLandscapeLeft UIInterfaceOrientationLandscapeRight";
				INFOPLIST_KEY_UISupportedInterfaceOrientations_iPhone = UIInterfaceOrientationPortrait;
				LD_RUNPATH_SEARCH_PATHS = (
					"$(inherited)",
					"@executable_path/Frameworks",
				);
				MARKETING_VERSION = 1.0;
				PRODUCT_BUNDLE_IDENTIFIER = com.jhee.MobileLibrary;
				PRODUCT_NAME = "$(TARGET_NAME)";
				SWIFT_EMIT_LOC_STRINGS = YES;
				SWIFT_VERSION = 5.0;
				TARGETED_DEVICE_FAMILY = 1;
			};
			name = Debug;
		};
		ADAE7C042887D2AF00F4CF03 /* Release */ = {
			isa = XCBuildConfiguration;
			buildSettings = {
				ASSETCATALOG_COMPILER_APPICON_NAME = AppIcon;
				ASSETCATALOG_COMPILER_GLOBAL_ACCENT_COLOR_NAME = AccentColor;
				CODE_SIGN_STYLE = Automatic;
				CURRENT_PROJECT_VERSION = 1;
				DEVELOPMENT_TEAM = DLA597KS3F;
				GENERATE_INFOPLIST_FILE = YES;
				INFOPLIST_FILE = MobileLibrary/Info.plist;
				INFOPLIST_KEY_UIApplicationSupportsIndirectInputEvents = YES;
				INFOPLIST_KEY_UILaunchStoryboardName = LaunchScreen;
				INFOPLIST_KEY_UIMainStoryboardFile = Main;
				INFOPLIST_KEY_UISupportedInterfaceOrientations = UIInterfaceOrientationPortrait;
				INFOPLIST_KEY_UISupportedInterfaceOrientations_iPad = "UIInterfaceOrientationPortrait UIInterfaceOrientationPortraitUpsideDown UIInterfaceOrientationLandscapeLeft UIInterfaceOrientationLandscapeRight";
				INFOPLIST_KEY_UISupportedInterfaceOrientations_iPhone = UIInterfaceOrientationPortrait;
				LD_RUNPATH_SEARCH_PATHS = (
					"$(inherited)",
					"@executable_path/Frameworks",
				);
				MARKETING_VERSION = 1.0;
				PRODUCT_BUNDLE_IDENTIFIER = com.jhee.MobileLibrary;
				PRODUCT_NAME = "$(TARGET_NAME)";
				SWIFT_EMIT_LOC_STRINGS = YES;
				SWIFT_VERSION = 5.0;
				TARGETED_DEVICE_FAMILY = 1;
			};
			name = Release;
		};
/* End XCBuildConfiguration section */

/* Begin XCConfigurationList section */
		ADAE7BE92887D2AD00F4CF03 /* Build configuration list for PBXProject "MobileLibrary" */ = {
			isa = XCConfigurationList;
			buildConfigurations = (
				ADAE7C002887D2AF00F4CF03 /* Debug */,
				ADAE7C012887D2AF00F4CF03 /* Release */,
			);
			defaultConfigurationIsVisible = 0;
			defaultConfigurationName = Release;
		};
		ADAE7C022887D2AF00F4CF03 /* Build configuration list for PBXNativeTarget "MobileLibrary" */ = {
			isa = XCConfigurationList;
			buildConfigurations = (
				ADAE7C032887D2AF00F4CF03 /* Debug */,
				ADAE7C042887D2AF00F4CF03 /* Release */,
			);
			defaultConfigurationIsVisible = 0;
			defaultConfigurationName = Release;
		};
/* End XCConfigurationList section */
	};
	rootObject = ADAE7BE62887D2AD00F4CF03 /* Project object */;
}
